{
  "name": "falcon-spaces-frontend",
  "version": "1.0.0",
  "lockfileVersion": 2,
  "requires": true,
  "packages": {
    "": {
      "name": "falcon-spaces-frontend",
      "version": "1.0.0",
      "dependencies": {
        "react": "^18.2.0",
        "react-dom": "^18.2.0",
        "react-icons": "^4.10.1",
        "framer-motion": "^10.12.16",
        "vite": "^4.4.9"
      }
    },
    "node_modules/react": {
      "version": "18.2.0",
      "resolved": "https://registry.npmjs.org/react/-/react-18.2.0.tgz",
      "integrity": "sha512-+dZq5…<truncated>",
      "peer": true
    },
    "node_modules/react-dom": {
      "version": "18.2.0",
      "resolved": "https://registry.npmjs.org/react-dom/-/react-dom-18.2.0.tgz",
      "integrity": "sha512-…<truncated>",
      "peer": true
    },
    "node_modules/react-icons": {
      "version": "4.10.1",
      "resolved": "https://registry.npmjs.org/react-icons/-/react-icons-4.10.1.tgz",
      "integrity": "sha512-…<truncated>"
    },
    "node_modules/framer-motion": {
      "version": "10.12.16",
      "resolved": "https://registry.npmjs.org/framer-motion/-/framer-motion-10.12.16.tgz",
      "integrity": "sha512-…<truncated>"
    },
    "node_modules/vite": {
      "version": "4.4.9",
      "resolved": "https://registry.npmjs.org/vite/-/vite-4.4.9.tgz",
      "integrity": "sha512-…<truncated>"
    }
  }
}
